
Microsoft Visual Studio Solution File, Format Version 12.00
# Visual Studio Version 17
VisualStudioVersion = 17.2.32630.192
MinimumVisualStudioVersion = 10.0.40219.1
Project("{FAE04EC0-301F-11D3-BF4B-00C04F79EFBC}") = "Turfirm", "Turfirm\Turfirm.csproj", "{F2A856C6-C6E7-4171-AA4B-29EC8EEB4A93}"
EndProject
Global
	GlobalSection(SolutionConfigurationPlatforms) = preSolution
		Debug|Any CPU = Debug|Any CPU
		Release|Any CPU = Release|Any CPU
	EndGlobalSection
	GlobalSection(ProjectConfigurationPlatforms) = postSolution
		{F2A856C6-C6E7-4171-AA4B-29EC8EEB4A93}.Debug|Any CPU.ActiveCfg = Debug|Any CPU
		{F2A856C6-C6E7-4171-AA4B-29EC8EEB4A93}.Debug|Any CPU.Build.0 = Debug|Any CPU
		{F2A856C6-C6E7-4171-AA4B-29EC8EEB4A93}.Release|Any CPU.ActiveCfg = Release|Any CPU
		{F2A856C6-C6E7-4171-AA4B-29EC8EEB4A93}.Release|Any CPU.Build.0 = Release|Any CPU
	EndGlobalSection
	GlobalSection(SolutionProperties) = preSolution
		HideSolutionNode = FALSE
	EndGlobalSection
	GlobalSection(ExtensibilityGlobals) = postSolution
		SolutionGuid = {B2BF88C5-C6EE-4FD6-9CBA-723C2945B620}
	EndGlobalSection
EndGlobal
